// !$*UTF8*$!
{
	archiveVersion = 1;
	classes = {
	};
	objectVersion = 50;
	objects = {

/* Begin PBXBuildFile section */
		EF813130214949350075544F /* AppDelegate.swift in Sources */ = {isa = PBXBuildFile; fileRef = EF81312F214949350075544F /* AppDelegate.swift */; };
		EF813132214949350075544F /* ViewController.swift in Sources */ = {isa = PBXBuildFile; fileRef = EF813131214949350075544F /* ViewController.swift */; };
		EF813135214949350075544F /* Main.storyboard in Resources */ = {isa = PBXBuildFile; fileRef = EF813133214949350075544F /* Main.storyboard */; };
		EF813137214949370075544F /* Assets.xcassets in Resources */ = {isa = PBXBuildFile; fileRef = EF813136214949370075544F /* Assets.xcassets */; };
		EF81313A214949370075544F /* LaunchScreen.storyboard in Resources */ = {isa = PBXBuildFile; fileRef = EF813138214949370075544F /* LaunchScreen.storyboard */; };
		EF813145214949380075544F /* Programmatic_Stack_View_ExampleTests.swift in Sources */ = {isa = PBXBuildFile; fileRef = EF813144214949380075544F /* Programmatic_Stack_View_ExampleTests.swift */; };
		EF813150214949380075544F /* Programmatic_Stack_View_ExampleUITests.swift in Sources */ = {isa = PBXBuildFile; fileRef = EF81314F214949380075544F /* Programmatic_Stack_View_ExampleUITests.swift */; };
/* End PBXBuildFile section */

/* Begin PBXContainerItemProxy section */
		EF813141214949380075544F /* PBXContainerItemProxy */ = {
			isa = PBXContainerItemProxy;
			containerPortal = EF813124214949350075544F /* Project object */;
			proxyType = 1;
			remoteGlobalIDString = EF81312B214949350075544F;
			remoteInfo = "Programmatic Stack View Example";
		};
		EF81314C214949380075544F /* PBXContainerItemProxy */ = {
			isa = PBXContainerItemProxy;
			containerPortal = EF813124214949350075544F /* Project object */;
			proxyType = 1;
			remoteGlobalIDString = EF81312B214949350075544F;
			remoteInfo = "Programmatic Stack View Example";
		};
/* End PBXContainerItemProxy section */

/* Begin PBXFileReference section */
		EF81312C214949350075544F /* Programmatic Stack View Example.app */ = {isa = PBXFileReference; explicitFileType = wrapper.application; includeInIndex = 0; path = "Programmatic Stack View Example.app"; sourceTree = BUILT_PRODUCTS_DIR; };
		EF81312F214949350075544F /* AppDelegate.swift */ = {isa = PBXFileReference; lastKnownFileType = sourcecode.swift; path = AppDelegate.swift; sourceTree = "<group>"; };
		EF813131214949350075544F /* ViewController.swift */ = {isa = PBXFileReference; lastKnownFileType = sourcecode.swift; path = ViewController.swift; sourceTree = "<group>"; };
		EF813134214949350075544F /* Base */ = {isa = PBXFileReference; lastKnownFileType = file.storyboard; name = Base; path = Base.lproj/Main.storyboard; sourceTree = "<group>"; };
		EF813136214949370075544F /* Assets.xcassets */ = {isa = PBXFileReference; lastKnownFileType = folder.assetcatalog; path = Assets.xcassets; sourceTree = "<group>"; };
		EF813139214949370075544F /* Base */ = {isa = PBXFileReference; lastKnownFileType = file.storyboard; name = Base; path = Base.lproj/LaunchScreen.storyboard; sourceTree = "<group>"; };
		EF81313B214949370075544F /* Info.plist */ = {isa = PBXFileReference; lastKnownFileType = text.plist.xml; path = Info.plist; sourceTree = "<group>"; };
		EF813140214949380075544F /* Programmatic Stack View ExampleTests.xctest */ = {isa = PBXFileReference; explicitFileType = wrapper.cfbundle; includeInIndex = 0; path = "Programmatic Stack View ExampleTests.xctest"; sourceTree = BUILT_PRODUCTS_DIR; };
		EF813144214949380075544F /* Programmatic_Stack_View_ExampleTests.swift */ = {isa = PBXFileReference; lastKnownFileType = sourcecode.swift; path = Programmatic_Stack_View_ExampleTests.swift; sourceTree = "<group>"; };
		EF813146214949380075544F /* Info.plist */ = {isa = PBXFileReference; lastKnownFileType = text.plist.xml; path = Info.plist; sourceTree = "<group>"; };
		EF81314B214949380075544F /* Programmatic Stack View ExampleUITests.xctest */ = {isa = PBXFileReference; explicitFileType = wrapper.cfbundle; includeInIndex = 0; path = "Programmatic Stack View ExampleUITests.xctest"; sourceTree = BUILT_PRODUCTS_DIR; };
		EF81314F214949380075544F /* Programmatic_Stack_View_ExampleUITests.swift */ = {isa = PBXFileReference; lastKnownFileType = sourcecode.swift; path = Programmatic_Stack_View_ExampleUITests.swift; sourceTree = "<group>"; };
		EF813151214949380075544F /* Info.plist */ = {isa = PBXFileReference; lastKnownFileType = text.plist.xml; path = Info.plist; sourceTree = "<group>"; };
/* End PBXFileReference section */

/* Begin PBXFrameworksBuildPhase section */
		EF813129214949350075544F /* Frameworks */ = {
			isa = PBXFrameworksBuildPhase;
			buildActionMask = 2147483647;
			files = (
			);
			runOnlyForDeploymentPostprocessing = 0;
		};
		EF81313D214949380075544F /* Frameworks */ = {
			isa = PBXFrameworksBuildPhase;
			buildActionMask = 2147483647;
			files = (
			);
			runOnlyForDeploymentPostprocessing = 0;
		};
		EF813148214949380075544F /* Frameworks */ = {
			isa = PBXFrameworksBuildPhase;
			buildActionMask = 2147483647;
			files = (
			);
			runOnlyForDeploymentPostprocessing = 0;
		};
/* End PBXFrameworksBuildPhase section */

/* Begin PBXGroup section */
		EF813123214949350075544F = {
			isa = PBXGroup;
			children = (
				EF81312E214949350075544F /* Programmatic Stack View Example */,
				EF813143214949380075544F /* Programmatic Stack View ExampleTests */,
				EF81314E214949380075544F /* Programmatic Stack View ExampleUITests */,
				EF81312D214949350075544F /* Products */,
			);
			sourceTree = "<group>";
		};
		EF81312D214949350075544F /* Products */ = {
			isa = PBXGroup;
			children = (
				EF81312C214949350075544F /* Programmatic Stack View Example.app */,
				EF813140214949380075544F /* Programmatic Stack View ExampleTests.xctest */,
				EF81314B214949380075544F /* Programmatic Stack View ExampleUITests.xctest */,
			);
			name = Products;
			sourceTree = "<group>";
		};
		EF81312E214949350075544F /* Programmatic Stack View Example */ = {
			isa = PBXGroup;
			children = (
				EF81312F214949350075544F /* AppDelegate.swift */,
				EF813131214949350075544F /* ViewController.swift */,
				EF813133214949350075544F /* Main.storyboard */,
				EF813136214949370075544F /* Assets.xcassets */,
				EF813138214949370075544F /* LaunchScreen.storyboard */,
				EF81313B214949370075544F /* Info.plist */,
			);
			path = "Programmatic Stack View Example";
			sourceTree = "<group>";
		};
		EF813143214949380075544F /* Programmatic Stack View ExampleTests */ = {
			isa = PBXGroup;
			children = (
				EF813144214949380075544F /* Programmatic_Stack_View_ExampleTests.swift */,
				EF813146214949380075544F /* Info.plist */,
			);
			path = "Programmatic Stack View ExampleTests";
			sourceTree = "<group>";
		};
		EF81314E214949380075544F /* Programmatic Stack View ExampleUITests */ = {
			isa = PBXGroup;
			children = (
				EF81314F214949380075544F /* Programmatic_Stack_View_ExampleUITests.swift */,
				EF813151214949380075544F /* Info.plist */,
			);
			path = "Programmatic Stack View ExampleUITests";
			sourceTree = "<group>";
		};
/* End PBXGroup section */

/* Begin PBXNativeTarget section */
		EF81312B214949350075544F /* Programmatic Stack View Example */ = {
			isa = PBXNativeTarget;
			buildConfigurationList = EF813154214949380075544F /* Build configuration list for PBXNativeTarget "Programmatic Stack View Example" */;
			buildPhases = (
				EF813128214949350075544F /* Sources */,
				EF813129214949350075544F /* Frameworks */,
				EF81312A214949350075544F /* Resources */,
			);
			buildRules = (
			);
			dependencies = (
			);
			name = "Programmatic Stack View Example";
			productName = "Programmatic Stack View Example";
			productReference = EF81312C214949350075544F /* Programmatic Stack View Example.app */;
			productType = "com.apple.product-type.application";
		};
		EF81313F214949380075544F /* Programmatic Stack View ExampleTests */ = {
			isa = PBXNativeTarget;
			buildConfigurationList = EF813157214949380075544F /* Build configuration list for PBXNativeTarget "Programmatic Stack View ExampleTests" */;
			buildPhases = (
				EF81313C214949380075544F /* Sources */,
				EF81313D214949380075544F /* Frameworks */,
				EF81313E214949380075544F /* Resources */,
			);
			buildRules = (
			);
			dependencies = (
				EF813142214949380075544F /* PBXTargetDependency */,
			);
			name = "Programmatic Stack View ExampleTests";
			productName = "Programmatic Stack View ExampleTests";
			productReference = EF813140214949380075544F /* Programmatic Stack View ExampleTests.xctest */;
			productType = "com.apple.product-type.bundle.unit-test";
		};
		EF81314A214949380075544F /* Programmatic Stack View ExampleUITests */ = {
			isa = PBXNativeTarget;
			buildConfigurationList = EF81315A214949380075544F /* Build configuration list for PBXNativeTarget "Programmatic Stack View ExampleUITests" */;
			buildPhases = (
				EF813147214949380075544F /* Sources */,
				EF813148214949380075544F /* Frameworks */,
				EF813149214949380075544F /* Resources */,
			);
			buildRules = (
			);
			dependencies = (
				EF81314D214949380075544F /* PBXTargetDependency */,
			);
			name = "Programmatic Stack View ExampleUITests";
			productName = "Programmatic Stack View ExampleUITests";
			productReference = EF81314B214949380075544F /* Programmatic Stack View ExampleUITests.xctest */;
			productType = "com.apple.product-type.bundle.ui-testing";
		};
/* End PBXNativeTarget section */

/* Begin PBXProject section */
		EF813124214949350075544F /* Project object */ = {
			isa = PBXProject;
			attributes = {
				LastSwiftUpdateCheck = 0940;
				LastUpgradeCheck = 0940;
				ORGANIZATIONNAME = "Grant Elliott";
				TargetAttributes = {
					EF81312B214949350075544F = {
						CreatedOnToolsVersion = 9.4.1;
					};
					EF81313F214949380075544F = {
						CreatedOnToolsVersion = 9.4.1;
						TestTargetID = EF81312B214949350075544F;
					};
					EF81314A214949380075544F = {
						CreatedOnToolsVersion = 9.4.1;
						TestTargetID = EF81312B214949350075544F;
					};
				};
			};
			buildConfigurationList = EF813127214949350075544F /* Build configuration list for PBXProject "Programmatic Stack View Example" */;
			compatibilityVersion = "Xcode 9.3";
			developmentRegion = en;
			hasScannedForEncodings = 0;
			knownRegions = (
				en,
				Base,
			);
			mainGroup = EF813123214949350075544F;
			productRefGroup = EF81312D214949350075544F /* Products */;
			projectDirPath = "";
			projectRoot = "";
			targets = (
				EF81312B214949350075544F /* Programmatic Stack View Example */,
				EF81313F214949380075544F /* Programmatic Stack View ExampleTests */,
				EF81314A214949380075544F /* Programmatic Stack View ExampleUITests */,
			);
		};
/* End PBXProject section */

/* Begin PBXResourcesBuildPhase section */
		EF81312A214949350075544F /* Resources */ = {
			isa = PBXResourcesBuildPhase;
			buildActionMask = 2147483647;
			files = (
				EF81313A214949370075544F /* LaunchScreen.storyboard in Resources */,
				EF813137214949370075544F /* Assets.xcassets in Resources */,
				EF813135214949350075544F /* Main.storyboard in Resources */,
			);
			runOnlyForDeploymentPostprocessing = 0;
		};
		EF81313E214949380075544F /* Resources */ = {
			isa = PBXResourcesBuildPhase;
			buildActionMask = 2147483647;
			files = (
			);
			runOnlyForDeploymentPostprocessing = 0;
		};
		EF813149214949380075544F /* Resources */ = {
			isa = PBXResourcesBuildPhase;
			buildActionMask = 2147483647;
			files = (
			);
			runOnlyForDeploymentPostprocessing = 0;
		};
/* End PBXResourcesBuildPhase section */

/* Begin PBXSourcesBuildPhase section */
		EF813128214949350075544F /* Sources */ = {
			isa = PBXSourcesBuildPhase;
			buildActionMask = 2147483647;
			files = (
				EF813132214949350075544F /* ViewController.swift in Sources */,
				EF813130214949350075544F /* AppDelegate.swift in Sources */,
			);
			runOnlyForDeploymentPostprocessing = 0;
		};
		EF81313C214949380075544F /* Sources */ = {
			isa = PBXSourcesBuildPhase;
			buildActionMask = 2147483647;
			files = (
				EF813145214949380075544F /* Programmatic_Stack_View_ExampleTests.swift in Sources */,
			);
			runOnlyForDeploymentPostprocessing = 0;
		};
		EF813147214949380075544F /* Sources */ = {
			isa = PBXSourcesBuildPhase;
			buildActionMask = 2147483647;
			files = (
				EF813150214949380075544F /* Programmatic_Stack_View_ExampleUITests.swift in Sources */,
			);
			runOnlyForDeploymentPostprocessing = 0;
		};
/* End PBXSourcesBuildPhase section */

/* Begin PBXTargetDependency section */
		EF813142214949380075544F /* PBXTargetDependency */ = {
			isa = PBXTargetDependency;
			target = EF81312B214949350075544F /* Programmatic Stack View Example */;
			targetProxy = EF813141214949380075544F /* PBXContainerItemProxy */;
		};
		EF81314D214949380075544F /* PBXTargetDependency */ = {
			isa = PBXTargetDependency;
			target = EF81312B214949350075544F /* Programmatic Stack View Example */;
			targetProxy = EF81314C214949380075544F /* PBXContainerItemProxy */;
		};
/* End PBXTargetDependency section */

/* Begin PBXVariantGroup section */
		EF813133214949350075544F /* Main.storyboard */ = {
			isa = PBXVariantGroup;
			children = (
				EF813134214949350075544F /* Base */,
			);
			name = Main.storyboard;
			sourceTree = "<group>";
		};
		EF813138214949370075544F /* LaunchScreen.storyboard */ = {
			isa = PBXVariantGroup;
			children = (
				EF813139214949370075544F /* Base */,
			);
			name = LaunchScreen.storyboard;
			sourceTree = "<group>";
		};
/* End PBXVariantGroup section */

/* Begin XCBuildConfiguration section */
		EF813152214949380075544F /* Debug */ = {
			isa = XCBuildConfiguration;
			buildSettings = {
				ALWAYS_SEARCH_USER_PATHS = NO;
				CLANG_ANALYZER_NONNULL = YES;
				CLANG_ANALYZER_NUMBER_OBJECT_CONVERSION = YES_AGGRESSIVE;
				CLANG_CXX_LANGUAGE_STANDARD = "gnu++14";
				CLANG_CXX_LIBRARY = "libc++";
				CLANG_ENABLE_MODULES = YES;
				CLANG_ENABLE_OBJC_ARC = YES;
				CLANG_ENABLE_OBJC_WEAK = YES;
				CLANG_WARN_BLOCK_CAPTURE_AUTORELEASING = YES;
				CLANG_WARN_BOOL_CONVERSION = YES;
				CLANG_WARN_COMMA = YES;
				CLANG_WARN_CONSTANT_CONVERSION = YES;
				CLANG_WARN_DEPRECATED_OBJC_IMPLEMENTATIONS = YES;
				CLANG_WARN_DIRECT_OBJC_ISA_USAGE = YES_ERROR;
				CLANG_WARN_DOCUMENTATION_COMMENTS = YES;
				CLANG_WARN_EMPTY_BODY = YES;
				CLANG_WARN_ENUM_CONVERSION = YES;
				CLANG_WARN_INFINITE_RECURSION = YES;
				CLANG_WARN_INT_CONVERSION = YES;
				CLANG_WARN_NON_LITERAL_NULL_CONVERSION = YES;
				CLANG_WARN_OBJC_IMPLICIT_RETAIN_SELF = YES;
				CLANG_WARN_OBJC_LITERAL_CONVERSION = YES;
				CLANG_WARN_OBJC_ROOT_CLASS = YES_ERROR;
				CLANG_WARN_RANGE_LOOP_ANALYSIS = YES;
				CLANG_WARN_STRICT_PROTOTYPES = YES;
				CLANG_WARN_SUSPICIOUS_MOVE = YES;
				CLANG_WARN_UNGUARDED_AVAILABILITY = YES_AGGRESSIVE;
				CLANG_WARN_UNREACHABLE_CODE = YES;
				CLANG_WARN__DUPLICATE_METHOD_MATCH = YES;
				CODE_SIGN_IDENTITY = "iPhone Developer";
				COPY_PHASE_STRIP = NO;
				DEBUG_INFORMATION_FORMAT = dwarf;
				ENABLE_STRICT_OBJC_MSGSEND = YES;
				ENABLE_TESTABILITY = YES;
				GCC_C_LANGUAGE_STANDARD = gnu11;
				GCC_DYNAMIC_NO_PIC = NO;
				GCC_NO_COMMON_BLOCKS = YES;
				GCC_OPTIMIZATION_LEVEL = 0;
				GCC_PREPROCESSOR_DEFINITIONS = (
					"DEBUG=1",
					"$(inherited)",
				);
				GCC_WARN_64_TO_32_BIT_CONVERSION = YES;
				GCC_WARN_ABOUT_RETURN_TYPE = YES_ERROR;
				GCC_WARN_UNDECLARED_SELECTOR = YES;
				GCC_WARN_UNINITIALIZED_AUTOS = YES_AGGRESSIVE;
				GCC_WARN_UNUSED_FUNCTION = YES;
				GCC_WARN_UNUSED_VARIABLE = YES;
				IPHONEOS_DEPLOYMENT_TARGET = 11.4;
				MTL_ENABLE_DEBUG_INFO = YES;
				ONLY_ACTIVE_ARCH = YES;
				SDKROOT = iphoneos;
				SWIFT_ACTIVE_COMPILATION_CONDITIONS = DEBUG;
				SWIFT_OPTIMIZATION_LEVEL = "-Onone";
			};
			name = Debug;
		};
		EF813153214949380075544F /* Release */ = {
			isa = XCBuildConfiguration;
			buildSettings = {
				ALWAYS_SEARCH_USER_PATHS = NO;
				CLANG_ANALYZER_NONNULL = YES;
				CLANG_ANALYZER_NUMBER_OBJECT_CONVERSION = YES_AGGRESSIVE;
				CLANG_CXX_LANGUAGE_STANDARD = "gnu++14";
				CLANG_CXX_LIBRARY = "libc++";
				CLANG_ENABLE_MODULES = YES;
				CLANG_ENABLE_OBJC_ARC = YES;
				CLANG_ENABLE_OBJC_WEAK = YES;
				CLANG_WARN_BLOCK_CAPTURE_AUTORELEASING = YES;
				CLANG_WARN_BOOL_CONVERSION = YES;
				CLANG_WARN_COMMA = YES;
				CLANG_WARN_CONSTANT_CONVERSION = YES;
				CLANG_WARN_DEPRECATED_OBJC_IMPLEMENTATIONS = YES;
				CLANG_WARN_DIRECT_OBJC_ISA_USAGE = YES_ERROR;
				CLANG_WARN_DOCUMENTATION_COMMENTS = YES;
				CLANG_WARN_EMPTY_BODY = YES;
				CLANG_WARN_ENUM_CONVERSION = YES;
				CLANG_WARN_INFINITE_RECURSION = YES;
				CLANG_WARN_INT_CONVERSION = YES;
				CLANG_WARN_NON_LITERAL_NULL_CONVERSION = YES;
				CLANG_WARN_OBJC_IMPLICIT_RETAIN_SELF = YES;
				CLANG_WARN_OBJC_LITERAL_CONVERSION = YES;
				CLANG_WARN_OBJC_ROOT_CLASS = YES_ERROR;
				CLANG_WARN_RANGE_LOOP_ANALYSIS = YES;
				CLANG_WARN_STRICT_PROTOTYPES = YES;
				CLANG_WARN_SUSPICIOUS_MOVE = YES;
				CLANG_WARN_UNGUARDED_AVAILABILITY = YES_AGGRESSIVE;
				CLANG_WARN_UNREACHABLE_CODE = YES;
				CLANG_WARN__DUPLICATE_METHOD_MATCH = YES;
				CODE_SIGN_IDENTITY = "iPhone Developer";
				COPY_PHASE_STRIP = NO;
				DEBUG_INFORMATION_FORMAT = "dwarf-with-dsym";
				ENABLE_NS_ASSERTIONS = NO;
				ENABLE_STRICT_OBJC_MSGSEND = YES;
				GCC_C_LANGUAGE_STANDARD = gnu11;
				GCC_NO_COMMON_BLOCKS = YES;
				GCC_WARN_64_TO_32_BIT_CONVERSION = YES;
				GCC_WARN_ABOUT_RETURN_TYPE = YES_ERROR;
				GCC_WARN_UNDECLARED_SELECTOR = YES;
				GCC_WARN_UNINITIALIZED_AUTOS = YES_AGGRESSIVE;
				GCC_WARN_UNUSED_FUNCTION = YES;
				GCC_WARN_UNUSED_VARIABLE = YES;
				IPHONEOS_DEPLOYMENT_TARGET = 11.4;
				MTL_ENABLE_DEBUG_INFO = NO;
				SDKROOT = iphoneos;
				SWIFT_COMPILATION_MODE = wholemodule;
				SWIFT_OPTIMIZATION_LEVEL = "-O";
				VALIDATE_PRODUCT = YES;
			};
			name = Release;
		};
		EF813155214949380075544F /* Debug */ = {
			isa = XCBuildConfiguration;
			buildSettings = {
				ASSETCATALOG_COMPILER_APPICON_NAME = AppIcon;
				CODE_SIGN_STYLE = Automatic;
				INFOPLIST_FILE = "Programmatic Stack View Example/Info.plist";
				LD_RUNPATH_SEARCH_PATHS = (
					"$(inherited)",
					"@executable_path/Frameworks",
				);
				PRODUCT_BUNDLE_IDENTIFIER = "Test-Org.Programmatic-Stack-View-Example";
				PRODUCT_NAME = "$(TARGET_NAME)";
				SWIFT_VERSION = 4.0;
				TARGETED_DEVICE_FAMILY = "1,2";
			};
			name = Debug;
		};
		EF813156214949380075544F /* Release */ = {
			isa = XCBuildConfiguration;
			buildSettings = {
				ASSETCATALOG_COMPILER_APPICON_NAME = AppIcon;
				CODE_SIGN_STYLE = Automatic;
				INFOPLIST_FILE = "Programmatic Stack View Example/Info.plist";
				LD_RUNPATH_SEARCH_PATHS = (
					"$(inherited)",
					"@executable_path/Frameworks",
				);
				PRODUCT_BUNDLE_IDENTIFIER = "Test-Org.Programmatic-Stack-View-Example";
				PRODUCT_NAME = "$(TARGET_NAME)";
				SWIFT_VERSION = 4.0;
				TARGETED_DEVICE_FAMILY = "1,2";
			};
			name = Release;
		};
		EF813158214949380075544F /* Debug */ = {
			isa = XCBuildConfiguration;
			buildSettings = {
				ALWAYS_EMBED_SWIFT_STANDARD_LIBRARIES = YES;
				BUNDLE_LOADER = "$(TEST_HOST)";
				CODE_SIGN_STYLE = Automatic;
				INFOPLIST_FILE = "Programmatic Stack View ExampleTests/Info.plist";
				LD_RUNPATH_SEARCH_PATHS = (
					"$(inherited)",
					"@executable_path/Frameworks",
					"@loader_path/Frameworks",
				);
				PRODUCT_BUNDLE_IDENTIFIER = "Test-Org.Programmatic-Stack-View-ExampleTests";
				PRODUCT_NAME = "$(TARGET_NAME)";
				SWIFT_VERSION = 4.0;
				TARGETED_DEVICE_FAMILY = "1,2";
				TEST_HOST = "$(BUILT_PRODUCTS_DIR)/Programmatic Stack View Example.app/Programmatic Stack View Example";
			};
			name = Debug;
		};
		EF813159214949380075544F /* Release */ = {
			isa = XCBuildConfiguration;
			buildSettings = {
				ALWAYS_EMBED_SWIFT_STANDARD_LIBRARIES = YES;
				BUNDLE_LOADER = "$(TEST_HOST)";
				CODE_SIGN_STYLE = Automatic;
				INFOPLIST_FILE = "Programmatic Stack View ExampleTests/Info.plist";
				LD_RUNPATH_SEARCH_PATHS = (
					"$(inherited)",
					"@executable_path/Frameworks",
					"@loader_path/Frameworks",
				);
				PRODUCT_BUNDLE_IDENTIFIER = "Test-Org.Programmatic-Stack-View-ExampleTests";
				PRODUCT_NAME = "$(TARGET_NAME)";
				SWIFT_VERSION = 4.0;
				TARGETED_DEVICE_FAMILY = "1,2";
				TEST_HOST = "$(BUILT_PRODUCTS_DIR)/Programmatic Stack View Example.app/Programmatic Stack View Example";
			};
			name = Release;
		};
		EF81315B214949380075544F /* Debug */ = {
			isa = XCBuildConfiguration;
			buildSettings = {
				ALWAYS_EMBED_SWIFT_STANDARD_LIBRARIES = YES;
				CODE_SIGN_STYLE = Automatic;
				INFOPLIST_FILE = "Programmatic Stack View ExampleUITests/Info.plist";
				LD_RUNPATH_SEARCH_PATHS = (
					"$(inherited)",
					"@executable_path/Frameworks",
					"@loader_path/Frameworks",
				);
				PRODUCT_BUNDLE_IDENTIFIER = "Test-Org.Programmatic-Stack-View-ExampleUITests";
				PRODUCT_NAME = "$(TARGET_NAME)";
				SWIFT_VERSION = 4.0;
				TARGETED_DEVICE_FAMILY = "1,2";
				TEST_TARGET_NAME = "Programmatic Stack View Example";
			};
			name = Debug;
		};
		EF81315C214949380075544F /* Release */ = {
			isa = XCBuildConfiguration;
			buildSettings = {
				ALWAYS_EMBED_SWIFT_STANDARD_LIBRARIES = YES;
				CODE_SIGN_STYLE = Automatic;
				INFOPLIST_FILE = "Programmatic Stack View ExampleUITests/Info.plist";
				LD_RUNPATH_SEARCH_PATHS = (
					"$(inherited)",
					"@executable_path/Frameworks",
					"@loader_path/Frameworks",
				);
				PRODUCT_BUNDLE_IDENTIFIER = "Test-Org.Programmatic-Stack-View-ExampleUITests";
				PRODUCT_NAME = "$(TARGET_NAME)";
				SWIFT_VERSION = 4.0;
				TARGETED_DEVICE_FAMILY = "1,2";
				TEST_TARGET_NAME = "Programmatic Stack View Example";
			};
			name = Release;
		};
/* End XCBuildConfiguration section */

/* Begin XCConfigurationList section */
		EF813127214949350075544F /* Build configuration list for PBXProject "Programmatic Stack View Example" */ = {
			isa = XCConfigurationList;
			buildConfigurations = (
				EF813152214949380075544F /* Debug */,
				EF813153214949380075544F /* Release */,
			);
			defaultConfigurationIsVisible = 0;
			defaultConfigurationName = Release;
		};
		EF813154214949380075544F /* Build configuration list for PBXNativeTarget "Programmatic Stack View Example" */ = {
			isa = XCConfigurationList;
			buildConfigurations = (
				EF813155214949380075544F /* Debug */,
				EF813156214949380075544F /* Release */,
			);
			defaultConfigurationIsVisible = 0;
			defaultConfigurationName = Release;
		};
		EF813157214949380075544F /* Build configuration list for PBXNativeTarget "Programmatic Stack View ExampleTests" */ = {
			isa = XCConfigurationList;
			buildConfigurations = (
				EF813158214949380075544F /* Debug */,
				EF813159214949380075544F /* Release */,
			);
			defaultConfigurationIsVisible = 0;
			defaultConfigurationName = Release;
		};
		EF81315A214949380075544F /* Build configuration list for PBXNativeTarget "Programmatic Stack View ExampleUITests" */ = {
			isa = XCConfigurationList;
			buildConfigurations = (
				EF81315B214949380075544F /* Debug */,
				EF81315C214949380075544F /* Release */,
			);
			defaultConfigurationIsVisible = 0;
			defaultConfigurationName = Release;
		};
/* End XCConfigurationList section */
	};
	rootObject = EF813124214949350075544F /* Project object */;
}
